{
  "name": "loan-schedule.js",
  "version": "0.8.7",
  "lockfileVersion": 1,
  "requires": true,
  "dependencies": {
    "decimal.js": {
      "version": "6.0.0",
      "resolved": "https://registry.npmjs.org/decimal.js/-/decimal.js-6.0.0.tgz",
      "integrity": "sha1-T9WNBjfzb9vBq6EyC8Pyzug8oPI="
    },
    "eslint-plugin-security": {
      "version": "1.4.0",
      "resolved": "https://registry.npmjs.org/eslint-plugin-security/-/eslint-plugin-security-1.4.0.tgz",
      "integrity": "sha512-xlS7P2PLMXeqfhyf3NpqbvbnW04kN8M9NtmhpR3XGyOvt/vNKS7XPXT5EDbwKW9vCjWH4PpfQvgD/+JgN0VJKA==",
      "dev": true,
      "requires": {
        "safe-regex": "^1.1.0"
      }
    },
    "moment": {
      "version": "2.22.2",
      "resolved": "https://registry.npmjs.org/moment/-/moment-2.22.2.tgz",
      "integrity": "sha1-PCV/mDn8DpP/UxSWMiOeuQeD/2Y="
    },
    "prod-cal": {
      "version": "1.2.2",
      "resolved": "https://registry.npmjs.org/prod-cal/-/prod-cal-1.2.2.tgz",
      "integrity": "sha512-Xo+OKYwpFqm5EzTNwK0E6gpUtcYGOa8N5ECFfDrXpfYgKBTukAcffXFgyU/8KRygOxD4PLhKK+a9oBxzwGxUjA=="
    },
    "ret": {
      "version": "0.1.15",
      "resolved": "https://registry.npmjs.org/ret/-/ret-0.1.15.tgz",
      "integrity": "sha512-TTlYpa+OL+vMMNG24xSlQGEJ3B/RzEfUlLct7b5G/ytav+wPrplCpVMFuwzXbkecJrb6IYo1iFb0S9v37754mg==",
      "dev": true
    },
    "safe-regex": {
      "version": "1.1.0",
      "resolved": "https://registry.npmjs.org/safe-regex/-/safe-regex-1.1.0.tgz",
      "integrity": "sha1-QKNmnzsHfR6UPURinhV91IAjvy4=",
      "dev": true,
      "requires": {
        "ret": "~0.1.10"
      }
    }
  }
}
